
Microsoft Visual Studio Solution File, Format Version 12.00
# Visual Studio Version 16
VisualStudioVersion = 16.0.31205.134
MinimumVisualStudioVersion = 10.0.40219.1
Project("{FAE04EC0-301F-11D3-BF4B-00C04F79EFBC}") = "TrabalhandoComConjuntos", "TrabalhandoComConjuntos\TrabalhandoComConjuntos.csproj", "{38131E68-4555-49A0-BAA1-5A0C5B151483}"
EndProject
Global
	GlobalSection(SolutionConfigurationPlatforms) = preSolution
		Debug|Any CPU = Debug|Any CPU
		Release|Any CPU = Release|Any CPU
	EndGlobalSection
	GlobalSection(ProjectConfigurationPlatforms) = postSolution
		{38131E68-4555-49A0-BAA1-5A0C5B151483}.Debug|Any CPU.ActiveCfg = Debug|Any CPU
		{38131E68-4555-49A0-BAA1-5A0C5B151483}.Debug|Any CPU.Build.0 = Debug|Any CPU
		{38131E68-4555-49A0-BAA1-5A0C5B151483}.Release|Any CPU.ActiveCfg = Release|Any CPU
		{38131E68-4555-49A0-BAA1-5A0C5B151483}.Release|Any CPU.Build.0 = Release|Any CPU
	EndGlobalSection
	GlobalSection(SolutionProperties) = preSolution
		HideSolutionNode = FALSE
	EndGlobalSection
	GlobalSection(ExtensibilityGlobals) = postSolution
		SolutionGuid = {3651A847-A82A-4616-98E4-7302186DC703}
	EndGlobalSection
EndGlobal
